
Microsoft Visual Studio Solution File, Format Version 12.00
Project("{FAE04EC0-301F-11D3-BF4B-00C04F79EFBC}") = "Introduction", "Introduction\Introduction.csproj", "{E1C197AD-1730-48C2-BCDD-90F3E3E8720B}"
EndProject
Project("{FAE04EC0-301F-11D3-BF4B-00C04F79EFBC}") = "Cars", "Cars\Cars.csproj", "{64D1A456-EFAB-4250-8F55-7966B071128C}"
EndProject
Global
	GlobalSection(SolutionConfigurationPlatforms) = preSolution
		Debug|Any CPU = Debug|Any CPU
		Release|Any CPU = Release|Any CPU
	EndGlobalSection
	GlobalSection(ProjectConfigurationPlatforms) = postSolution
		{E1C197AD-1730-48C2-BCDD-90F3E3E8720B}.Debug|Any CPU.ActiveCfg = Debug|Any CPU
		{E1C197AD-1730-48C2-BCDD-90F3E3E8720B}.Debug|Any CPU.Build.0 = Debug|Any CPU
		{E1C197AD-1730-48C2-BCDD-90F3E3E8720B}.Release|Any CPU.ActiveCfg = Release|Any CPU
		{E1C197AD-1730-48C2-BCDD-90F3E3E8720B}.Release|Any CPU.Build.0 = Release|Any CPU
		{64D1A456-EFAB-4250-8F55-7966B071128C}.Debug|Any CPU.ActiveCfg = Debug|Any CPU
		{64D1A456-EFAB-4250-8F55-7966B071128C}.Debug|Any CPU.Build.0 = Debug|Any CPU
		{64D1A456-EFAB-4250-8F55-7966B071128C}.Release|Any CPU.ActiveCfg = Release|Any CPU
		{64D1A456-EFAB-4250-8F55-7966B071128C}.Release|Any CPU.Build.0 = Release|Any CPU
	EndGlobalSection
EndGlobal
